# THIS IS AN AUTOGENERATED FILE. DO NOT EDIT THIS FILE DIRECTLY.
# yarn lockfile v1


"@types/es6-promise@^0.0.32":
  version "0.0.32"
  resolved "https://registry.yarnpkg.com/@types/es6-promise/-/es6-promise-0.0.32.tgz#3bcf44fb1e429f3df76188c8c6d874463ba371fd"

"@types/node@*", "@types/node@^7.0.13":
  version "7.0.13"
  resolved "https://registry.yarnpkg.com/@types/node/-/node-7.0.13.tgz#1b0a53fe9ef9c3a5d061b126cc9b915bca43a3f5"

"@types/redis@^0.12.36":
  version "0.12.36"
  resolved "https://registry.yarnpkg.com/@types/redis/-/redis-0.12.36.tgz#61df652a269af425fe2e9ee95cdfa175577b4c3b"
  dependencies:
    "@types/node" "*"

double-ended-queue@^2.1.0-0:
  version "2.1.0-0"
  resolved "https://registry.yarnpkg.com/double-ended-queue/-/double-ended-queue-2.1.0-0.tgz#103d3527fd31528f40188130c841efdd78264e5c"

redis-commands@^1.2.0:
  version "1.3.1"
  resolved "https://registry.yarnpkg.com/redis-commands/-/redis-commands-1.3.1.tgz#81d826f45fa9c8b2011f4cd7a0fe597d241d442b"

redis-parser@^2.0.0:
  version "2.4.0"
  resolved "https://registry.yarnpkg.com/redis-parser/-/redis-parser-2.4.0.tgz#018ea743077aae944d0b798b2fd12587320bf3c9"

redis@^2.5.3:
  version "2.6.5"
  resolved "https://registry.yarnpkg.com/redis/-/redis-2.6.5.tgz#87c1eff4a489f94b70871f3d08b6988f23a95687"
  dependencies:
    double-ended-queue "^2.1.0-0"
    redis-commands "^1.2.0"
    redis-parser "^2.0.0"

vesta-lib@^0.3.0-beta.4:
  version "0.3.0-beta.4"
  resolved "https://registry.yarnpkg.com/vesta-lib/-/vesta-lib-0.3.0-beta.4.tgz#2c6d05c360b8ce344210d2eb2c308074d9df4c15"
